
Microsoft Visual Studio Solution File, Format Version 12.00
# Visual Studio 15
VisualStudioVersion = 15.0.26124.0
MinimumVisualStudioVersion = 15.0.26124.0
Project("{2150E333-8FDC-42A3-9474-1A3956D46DE8}") = "src", "src", "{B9AF3C88-ADBE-4322-A472-45546C09A35D}"
EndProject
Project("{FAE04EC0-301F-11D3-BF4B-00C04F79EFBC}") = "KafkaRestProxy", "src\KafkaRestProxy\KafkaRestProxy.csproj", "{A1158313-F5D8-45A6-AEDF-730B96DEA060}"
EndProject
Global
	GlobalSection(SolutionConfigurationPlatforms) = preSolution
		Debug|Any CPU = Debug|Any CPU
		Debug|x64 = Debug|x64
		Debug|x86 = Debug|x86
		Release|Any CPU = Release|Any CPU
		Release|x64 = Release|x64
		Release|x86 = Release|x86
	EndGlobalSection
	GlobalSection(SolutionProperties) = preSolution
		HideSolutionNode = FALSE
	EndGlobalSection
	GlobalSection(ProjectConfigurationPlatforms) = postSolution
		{A1158313-F5D8-45A6-AEDF-730B96DEA060}.Debug|Any CPU.ActiveCfg = Debug|Any CPU
		{A1158313-F5D8-45A6-AEDF-730B96DEA060}.Debug|Any CPU.Build.0 = Debug|Any CPU
		{A1158313-F5D8-45A6-AEDF-730B96DEA060}.Debug|x64.ActiveCfg = Debug|Any CPU
		{A1158313-F5D8-45A6-AEDF-730B96DEA060}.Debug|x64.Build.0 = Debug|Any CPU
		{A1158313-F5D8-45A6-AEDF-730B96DEA060}.Debug|x86.ActiveCfg = Debug|Any CPU
		{A1158313-F5D8-45A6-AEDF-730B96DEA060}.Debug|x86.Build.0 = Debug|Any CPU
		{A1158313-F5D8-45A6-AEDF-730B96DEA060}.Release|Any CPU.ActiveCfg = Release|Any CPU
		{A1158313-F5D8-45A6-AEDF-730B96DEA060}.Release|Any CPU.Build.0 = Release|Any CPU
		{A1158313-F5D8-45A6-AEDF-730B96DEA060}.Release|x64.ActiveCfg = Release|Any CPU
		{A1158313-F5D8-45A6-AEDF-730B96DEA060}.Release|x64.Build.0 = Release|Any CPU
		{A1158313-F5D8-45A6-AEDF-730B96DEA060}.Release|x86.ActiveCfg = Release|Any CPU
		{A1158313-F5D8-45A6-AEDF-730B96DEA060}.Release|x86.Build.0 = Release|Any CPU
	EndGlobalSection
	GlobalSection(NestedProjects) = preSolution
		{A1158313-F5D8-45A6-AEDF-730B96DEA060} = {B9AF3C88-ADBE-4322-A472-45546C09A35D}
	EndGlobalSection
EndGlobal
